// !$*UTF8*$!
{
	archiveVersion = 1;
	classes = {
	};
	objectVersion = 46;
	objects = {

/* Begin PBXBuildFile section */
		6C6A3C754F816ACC09EFFD61 /* Pods_Vain.framework in Frameworks */ = {isa = PBXBuildFile; fileRef = 8013F465A06DE8F865801796 /* Pods_Vain.framework */; };
		717C58D71DFD9C8D003F2835 /* AppDelegate.swift in Sources */ = {isa = PBXBuildFile; fileRef = 717C58D61DFD9C8D003F2835 /* AppDelegate.swift */; };
		717C58DE1DFD9C8D003F2835 /* Assets.xcassets in Resources */ = {isa = PBXBuildFile; fileRef = 717C58DD1DFD9C8D003F2835 /* Assets.xcassets */; };
		717C58E11DFD9C8D003F2835 /* LaunchScreen.storyboard in Resources */ = {isa = PBXBuildFile; fileRef = 717C58DF1DFD9C8D003F2835 /* LaunchScreen.storyboard */; };
		717C58EE1DFEEBF0003F2835 /* CommandCenter.swift in Sources */ = {isa = PBXBuildFile; fileRef = 717C58ED1DFEEBF0003F2835 /* CommandCenter.swift */; };
		717C58F11DFEEC3D003F2835 /* ServiceProtocol.swift in Sources */ = {isa = PBXBuildFile; fileRef = 717C58F01DFEEC3D003F2835 /* ServiceProtocol.swift */; };
		717C58F51DFEF035003F2835 /* OpenWeatherMapService.swift in Sources */ = {isa = PBXBuildFile; fileRef = 717C58F41DFEF035003F2835 /* OpenWeatherMapService.swift */; };
		717C58F71DFEF35C003F2835 /* LocationService.swift in Sources */ = {isa = PBXBuildFile; fileRef = 717C58F61DFEF35C003F2835 /* LocationService.swift */; };
		717C58F91DFEF3DD003F2835 /* LocalStore.swift in Sources */ = {isa = PBXBuildFile; fileRef = 717C58F81DFEF3DD003F2835 /* LocalStore.swift */; };
		717C58FB1DFF08DD003F2835 /* Location.swift in Sources */ = {isa = PBXBuildFile; fileRef = 717C58FA1DFF08DD003F2835 /* Location.swift */; };
		717C58FD1DFF08E7003F2835 /* Model.swift in Sources */ = {isa = PBXBuildFile; fileRef = 717C58FC1DFF08E7003F2835 /* Model.swift */; };
		717C58FF1DFF0903003F2835 /* Forecast.swift in Sources */ = {isa = PBXBuildFile; fileRef = 717C58FE1DFF0903003F2835 /* Forecast.swift */; };
		717C59011DFF0915003F2835 /* WeatherCondition.swift in Sources */ = {isa = PBXBuildFile; fileRef = 717C59001DFF0915003F2835 /* WeatherCondition.swift */; };
		717C59031DFF2E3F003F2835 /* WeatherDashboardViewController.swift in Sources */ = {isa = PBXBuildFile; fileRef = 717C59021DFF2E3F003F2835 /* WeatherDashboardViewController.swift */; };
		717C59051DFF2E52003F2835 /* CurrentForecastViewController.swift in Sources */ = {isa = PBXBuildFile; fileRef = 717C59041DFF2E52003F2835 /* CurrentForecastViewController.swift */; };
		717C59071DFF2E68003F2835 /* MultiDayForecastViewController.swift in Sources */ = {isa = PBXBuildFile; fileRef = 717C59061DFF2E68003F2835 /* MultiDayForecastViewController.swift */; };
		719A7FE91DFF713A00CE7F34 /* Constants.swift in Sources */ = {isa = PBXBuildFile; fileRef = 719A7FE81DFF713A00CE7F34 /* Constants.swift */; };
		719A7FEC1DFF71C000CE7F34 /* UIColor.swift in Sources */ = {isa = PBXBuildFile; fileRef = 719A7FEB1DFF71C000CE7F34 /* UIColor.swift */; };
		719A7FEE1DFF735000CE7F34 /* UIView.swift in Sources */ = {isa = PBXBuildFile; fileRef = 719A7FED1DFF735000CE7F34 /* UIView.swift */; };
		719A7FF01DFF73B100CE7F34 /* Refresh.swift in Sources */ = {isa = PBXBuildFile; fileRef = 719A7FEF1DFF73B100CE7F34 /* Refresh.swift */; };
		719A7FF41DFF782100CE7F34 /* ForecastQuickView.swift in Sources */ = {isa = PBXBuildFile; fileRef = 719A7FF31DFF782100CE7F34 /* ForecastQuickView.swift */; };
		719A7FF61DFF782D00CE7F34 /* ForecastDayQuickView.swift in Sources */ = {isa = PBXBuildFile; fileRef = 719A7FF51DFF782D00CE7F34 /* ForecastDayQuickView.swift */; };
		71B9492B1E00B9C20093C437 /* ForecastDayQuickCollectionViewCell.swift in Sources */ = {isa = PBXBuildFile; fileRef = 71B9492A1E00B9C20093C437 /* ForecastDayQuickCollectionViewCell.swift */; };
/* End PBXBuildFile section */

/* Begin PBXFileReference section */
		717C58D31DFD9C8D003F2835 /* Vain.app */ = {isa = PBXFileReference; explicitFileType = wrapper.application; includeInIndex = 0; path = Vain.app; sourceTree = BUILT_PRODUCTS_DIR; };
		717C58D61DFD9C8D003F2835 /* AppDelegate.swift */ = {isa = PBXFileReference; lastKnownFileType = sourcecode.swift; path = AppDelegate.swift; sourceTree = "<group>"; };
		717C58DD1DFD9C8D003F2835 /* Assets.xcassets */ = {isa = PBXFileReference; lastKnownFileType = folder.assetcatalog; path = Assets.xcassets; sourceTree = "<group>"; };
		717C58E01DFD9C8D003F2835 /* Base */ = {isa = PBXFileReference; lastKnownFileType = file.storyboard; name = Base; path = Base.lproj/LaunchScreen.storyboard; sourceTree = "<group>"; };
		717C58E21DFD9C8D003F2835 /* Info.plist */ = {isa = PBXFileReference; lastKnownFileType = text.plist.xml; path = Info.plist; sourceTree = "<group>"; };
		717C58ED1DFEEBF0003F2835 /* CommandCenter.swift */ = {isa = PBXFileReference; fileEncoding = 4; lastKnownFileType = sourcecode.swift; path = CommandCenter.swift; sourceTree = "<group>"; };
		717C58F01DFEEC3D003F2835 /* ServiceProtocol.swift */ = {isa = PBXFileReference; fileEncoding = 4; lastKnownFileType = sourcecode.swift; path = ServiceProtocol.swift; sourceTree = "<group>"; };
		717C58F41DFEF035003F2835 /* OpenWeatherMapService.swift */ = {isa = PBXFileReference; fileEncoding = 4; lastKnownFileType = sourcecode.swift; path = OpenWeatherMapService.swift; sourceTree = "<group>"; };
		717C58F61DFEF35C003F2835 /* LocationService.swift */ = {isa = PBXFileReference; fileEncoding = 4; lastKnownFileType = sourcecode.swift; path = LocationService.swift; sourceTree = "<group>"; };
		717C58F81DFEF3DD003F2835 /* LocalStore.swift */ = {isa = PBXFileReference; fileEncoding = 4; lastKnownFileType = sourcecode.swift; path = LocalStore.swift; sourceTree = "<group>"; };
		717C58FA1DFF08DD003F2835 /* Location.swift */ = {isa = PBXFileReference; fileEncoding = 4; lastKnownFileType = sourcecode.swift; path = Location.swift; sourceTree = "<group>"; };
		717C58FC1DFF08E7003F2835 /* Model.swift */ = {isa = PBXFileReference; fileEncoding = 4; lastKnownFileType = sourcecode.swift; path = Model.swift; sourceTree = "<group>"; };
		717C58FE1DFF0903003F2835 /* Forecast.swift */ = {isa = PBXFileReference; fileEncoding = 4; lastKnownFileType = sourcecode.swift; path = Forecast.swift; sourceTree = "<group>"; };
		717C59001DFF0915003F2835 /* WeatherCondition.swift */ = {isa = PBXFileReference; fileEncoding = 4; lastKnownFileType = sourcecode.swift; path = WeatherCondition.swift; sourceTree = "<group>"; };
		717C59021DFF2E3F003F2835 /* WeatherDashboardViewController.swift */ = {isa = PBXFileReference; fileEncoding = 4; lastKnownFileType = sourcecode.swift; path = WeatherDashboardViewController.swift; sourceTree = "<group>"; };
		717C59041DFF2E52003F2835 /* CurrentForecastViewController.swift */ = {isa = PBXFileReference; fileEncoding = 4; lastKnownFileType = sourcecode.swift; path = CurrentForecastViewController.swift; sourceTree = "<group>"; };
		717C59061DFF2E68003F2835 /* MultiDayForecastViewController.swift */ = {isa = PBXFileReference; fileEncoding = 4; lastKnownFileType = sourcecode.swift; path = MultiDayForecastViewController.swift; sourceTree = "<group>"; };
		719A7FE81DFF713A00CE7F34 /* Constants.swift */ = {isa = PBXFileReference; fileEncoding = 4; lastKnownFileType = sourcecode.swift; path = Constants.swift; sourceTree = "<group>"; };
		719A7FEB1DFF71C000CE7F34 /* UIColor.swift */ = {isa = PBXFileReference; fileEncoding = 4; lastKnownFileType = sourcecode.swift; path = UIColor.swift; sourceTree = "<group>"; };
		719A7FED1DFF735000CE7F34 /* UIView.swift */ = {isa = PBXFileReference; fileEncoding = 4; lastKnownFileType = sourcecode.swift; path = UIView.swift; sourceTree = "<group>"; };
		719A7FEF1DFF73B100CE7F34 /* Refresh.swift */ = {isa = PBXFileReference; fileEncoding = 4; lastKnownFileType = sourcecode.swift; path = Refresh.swift; sourceTree = "<group>"; };
		719A7FF31DFF782100CE7F34 /* ForecastQuickView.swift */ = {isa = PBXFileReference; fileEncoding = 4; lastKnownFileType = sourcecode.swift; path = ForecastQuickView.swift; sourceTree = "<group>"; };
		719A7FF51DFF782D00CE7F34 /* ForecastDayQuickView.swift */ = {isa = PBXFileReference; fileEncoding = 4; lastKnownFileType = sourcecode.swift; path = ForecastDayQuickView.swift; sourceTree = "<group>"; };
		71B9492A1E00B9C20093C437 /* ForecastDayQuickCollectionViewCell.swift */ = {isa = PBXFileReference; fileEncoding = 4; lastKnownFileType = sourcecode.swift; path = ForecastDayQuickCollectionViewCell.swift; sourceTree = "<group>"; };
		8013F465A06DE8F865801796 /* Pods_Vain.framework */ = {isa = PBXFileReference; explicitFileType = wrapper.framework; includeInIndex = 0; path = Pods_Vain.framework; sourceTree = BUILT_PRODUCTS_DIR; };
		CE646FCD91F8B24BCA6F9E16 /* Pods-Vain.release.xcconfig */ = {isa = PBXFileReference; includeInIndex = 1; lastKnownFileType = text.xcconfig; name = "Pods-Vain.release.xcconfig"; path = "Pods/Target Support Files/Pods-Vain/Pods-Vain.release.xcconfig"; sourceTree = "<group>"; };
		E25DEA32C36E32EA85EE85D9 /* Pods-Vain.debug.xcconfig */ = {isa = PBXFileReference; includeInIndex = 1; lastKnownFileType = text.xcconfig; name = "Pods-Vain.debug.xcconfig"; path = "Pods/Target Support Files/Pods-Vain/Pods-Vain.debug.xcconfig"; sourceTree = "<group>"; };
/* End PBXFileReference section */

/* Begin PBXFrameworksBuildPhase section */
		717C58D01DFD9C8D003F2835 /* Frameworks */ = {
			isa = PBXFrameworksBuildPhase;
			buildActionMask = 2147483647;
			files = (
				6C6A3C754F816ACC09EFFD61 /* Pods_Vain.framework in Frameworks */,
			);
			runOnlyForDeploymentPostprocessing = 0;
		};
/* End PBXFrameworksBuildPhase section */

/* Begin PBXGroup section */
		0C0D26AE9951D09BCAF017A4 /* Frameworks */ = {
			isa = PBXGroup;
			children = (
				8013F465A06DE8F865801796 /* Pods_Vain.framework */,
			);
			name = Frameworks;
			sourceTree = "<group>";
		};
		0E2D070E46EE2B1782EAC543 /* Pods */ = {
			isa = PBXGroup;
			children = (
				E25DEA32C36E32EA85EE85D9 /* Pods-Vain.debug.xcconfig */,
				CE646FCD91F8B24BCA6F9E16 /* Pods-Vain.release.xcconfig */,
			);
			name = Pods;
			sourceTree = "<group>";
		};
		717C58CA1DFD9C8C003F2835 = {
			isa = PBXGroup;
			children = (
				717C58D51DFD9C8D003F2835 /* Vain */,
				717C58D41DFD9C8D003F2835 /* Products */,
				0E2D070E46EE2B1782EAC543 /* Pods */,
				0C0D26AE9951D09BCAF017A4 /* Frameworks */,
			);
			sourceTree = "<group>";
		};
		717C58D41DFD9C8D003F2835 /* Products */ = {
			isa = PBXGroup;
			children = (
				717C58D31DFD9C8D003F2835 /* Vain.app */,
			);
			name = Products;
			sourceTree = "<group>";
		};
		717C58D51DFD9C8D003F2835 /* Vain */ = {
			isa = PBXGroup;
			children = (
				717C58EC1DFE295C003F2835 /* Service */,
				717C58EB1DFD9E4D003F2835 /* Main */,
				717C58EA1DFD9E37003F2835 /* Model */,
				719A7FF21DFF77B700CE7F34 /* View */,
				717C58E91DFD9E29003F2835 /* Controller */,
				719A7FF11DFF73B800CE7F34 /* Protocol */,
				719A7FEA1DFF71B500CE7F34 /* Extension */,
				719A7FE71DFF712700CE7F34 /* Misc */,
				717C58E81DFD9E08003F2835 /* Supporting Files */,
			);
			path = Vain;
			sourceTree = "<group>";
		};
		717C58E81DFD9E08003F2835 /* Supporting Files */ = {
			isa = PBXGroup;
			children = (
				717C58DD1DFD9C8D003F2835 /* Assets.xcassets */,
				717C58DF1DFD9C8D003F2835 /* LaunchScreen.storyboard */,
				717C58E21DFD9C8D003F2835 /* Info.plist */,
			);
			name = "Supporting Files";
			sourceTree = "<group>";
		};
		717C58E91DFD9E29003F2835 /* Controller */ = {
			isa = PBXGroup;
			children = (
				717C59021DFF2E3F003F2835 /* WeatherDashboardViewController.swift */,
				717C59041DFF2E52003F2835 /* CurrentForecastViewController.swift */,
				717C59061DFF2E68003F2835 /* MultiDayForecastViewController.swift */,
			);
			name = Controller;
			sourceTree = "<group>";
		};
		717C58EA1DFD9E37003F2835 /* Model */ = {
			isa = PBXGroup;
			children = (
				717C58FC1DFF08E7003F2835 /* Model.swift */,
				717C58FA1DFF08DD003F2835 /* Location.swift */,
				717C58FE1DFF0903003F2835 /* Forecast.swift */,
				717C59001DFF0915003F2835 /* WeatherCondition.swift */,
			);
			name = Model;
			sourceTree = "<group>";
		};
		717C58EB1DFD9E4D003F2835 /* Main */ = {
			isa = PBXGroup;
			children = (
				717C58ED1DFEEBF0003F2835 /* CommandCenter.swift */,
				717C58D61DFD9C8D003F2835 /* AppDelegate.swift */,
			);
			name = Main;
			sourceTree = "<group>";
		};
		717C58EC1DFE295C003F2835 /* Service */ = {
			isa = PBXGroup;
			children = (
				717C58F01DFEEC3D003F2835 /* ServiceProtocol.swift */,
				717C58F41DFEF035003F2835 /* OpenWeatherMapService.swift */,
				717C58F61DFEF35C003F2835 /* LocationService.swift */,
				717C58F81DFEF3DD003F2835 /* LocalStore.swift */,
			);
			name = Service;
			sourceTree = "<group>";
		};
		719A7FE71DFF712700CE7F34 /* Misc */ = {
			isa = PBXGroup;
			children = (
				719A7FE81DFF713A00CE7F34 /* Constants.swift */,
			);
			name = Misc;
			sourceTree = "<group>";
		};
		719A7FEA1DFF71B500CE7F34 /* Extension */ = {
			isa = PBXGroup;
			children = (
				719A7FEB1DFF71C000CE7F34 /* UIColor.swift */,
				719A7FED1DFF735000CE7F34 /* UIView.swift */,
			);
			name = Extension;
			sourceTree = "<group>";
		};
		719A7FF11DFF73B800CE7F34 /* Protocol */ = {
			isa = PBXGroup;
			children = (
				719A7FEF1DFF73B100CE7F34 /* Refresh.swift */,
			);
			name = Protocol;
			sourceTree = "<group>";
		};
		719A7FF21DFF77B700CE7F34 /* View */ = {
			isa = PBXGroup;
			children = (
				71B949281E00B98A0093C437 /* Cell */,
				719A7FF31DFF782100CE7F34 /* ForecastQuickView.swift */,
				719A7FF51DFF782D00CE7F34 /* ForecastDayQuickView.swift */,
			);
			name = View;
			sourceTree = "<group>";
		};
		71B949281E00B98A0093C437 /* Cell */ = {
			isa = PBXGroup;
			children = (
				71B9492A1E00B9C20093C437 /* ForecastDayQuickCollectionViewCell.swift */,
			);
			name = Cell;
			sourceTree = "<group>";
		};
/* End PBXGroup section */

/* Begin PBXNativeTarget section */
		717C58D21DFD9C8D003F2835 /* Vain */ = {
			isa = PBXNativeTarget;
			buildConfigurationList = 717C58E51DFD9C8D003F2835 /* Build configuration list for PBXNativeTarget "Vain" */;
			buildPhases = (
				6850D0C0082C994234B623D2 /* [CP] Check Pods Manifest.lock */,
				717C58CF1DFD9C8D003F2835 /* Sources */,
				717C58D01DFD9C8D003F2835 /* Frameworks */,
				717C58D11DFD9C8D003F2835 /* Resources */,
				BF0E690D2F9E71EBA00C4266 /* [CP] Embed Pods Frameworks */,
				98B5F5E4F95871E726DB0553 /* [CP] Copy Pods Resources */,
			);
			buildRules = (
			);
			dependencies = (
			);
			name = Vain;
			productName = Vain;
			productReference = 717C58D31DFD9C8D003F2835 /* Vain.app */;
			productType = "com.apple.product-type.application";
		};
/* End PBXNativeTarget section */

/* Begin PBXProject section */
		717C58CB1DFD9C8C003F2835 /* Project object */ = {
			isa = PBXProject;
			attributes = {
				LastSwiftUpdateCheck = 0810;
				LastUpgradeCheck = 0810;
				ORGANIZATIONNAME = "Dru Lang";
				TargetAttributes = {
					717C58D21DFD9C8D003F2835 = {
						CreatedOnToolsVersion = 8.1;
						DevelopmentTeam = M3PW445462;
						LastSwiftMigration = 0810;
						ProvisioningStyle = Automatic;
					};
				};
			};
			buildConfigurationList = 717C58CE1DFD9C8C003F2835 /* Build configuration list for PBXProject "Vain" */;
			compatibilityVersion = "Xcode 3.2";
			developmentRegion = English;
			hasScannedForEncodings = 0;
			knownRegions = (
				en,
				Base,
			);
			mainGroup = 717C58CA1DFD9C8C003F2835;
			productRefGroup = 717C58D41DFD9C8D003F2835 /* Products */;
			projectDirPath = "";
			projectRoot = "";
			targets = (
				717C58D21DFD9C8D003F2835 /* Vain */,
			);
		};
/* End PBXProject section */

/* Begin PBXResourcesBuildPhase section */
		717C58D11DFD9C8D003F2835 /* Resources */ = {
			isa = PBXResourcesBuildPhase;
			buildActionMask = 2147483647;
			files = (
				717C58E11DFD9C8D003F2835 /* LaunchScreen.storyboard in Resources */,
				717C58DE1DFD9C8D003F2835 /* Assets.xcassets in Resources */,
			);
			runOnlyForDeploymentPostprocessing = 0;
		};
/* End PBXResourcesBuildPhase section */

/* Begin PBXShellScriptBuildPhase section */
		6850D0C0082C994234B623D2 /* [CP] Check Pods Manifest.lock */ = {
			isa = PBXShellScriptBuildPhase;
			buildActionMask = 2147483647;
			files = (
			);
			inputPaths = (
			);
			name = "[CP] Check Pods Manifest.lock";
			outputPaths = (
			);
			runOnlyForDeploymentPostprocessing = 0;
			shellPath = /bin/sh;
			shellScript = "diff \"${PODS_ROOT}/../Podfile.lock\" \"${PODS_ROOT}/Manifest.lock\" > /dev/null\nif [ $? != 0 ] ; then\n    # print error to STDERR\n    echo \"error: The sandbox is not in sync with the Podfile.lock. Run 'pod install' or update your CocoaPods installation.\" >&2\n    exit 1\nfi\n";
			showEnvVarsInLog = 0;
		};
		98B5F5E4F95871E726DB0553 /* [CP] Copy Pods Resources */ = {
			isa = PBXShellScriptBuildPhase;
			buildActionMask = 2147483647;
			files = (
			);
			inputPaths = (
			);
			name = "[CP] Copy Pods Resources";
			outputPaths = (
			);
			runOnlyForDeploymentPostprocessing = 0;
			shellPath = /bin/sh;
			shellScript = "\"${SRCROOT}/Pods/Target Support Files/Pods-Vain/Pods-Vain-resources.sh\"\n";
			showEnvVarsInLog = 0;
		};
		BF0E690D2F9E71EBA00C4266 /* [CP] Embed Pods Frameworks */ = {
			isa = PBXShellScriptBuildPhase;
			buildActionMask = 2147483647;
			files = (
			);
			inputPaths = (
			);
			name = "[CP] Embed Pods Frameworks";
			outputPaths = (
			);
			runOnlyForDeploymentPostprocessing = 0;
			shellPath = /bin/sh;
			shellScript = "\"${SRCROOT}/Pods/Target Support Files/Pods-Vain/Pods-Vain-frameworks.sh\"\n";
			showEnvVarsInLog = 0;
		};
/* End PBXShellScriptBuildPhase section */

/* Begin PBXSourcesBuildPhase section */
		717C58CF1DFD9C8D003F2835 /* Sources */ = {
			isa = PBXSourcesBuildPhase;
			buildActionMask = 2147483647;
			files = (
				719A7FEE1DFF735000CE7F34 /* UIView.swift in Sources */,
				717C58FD1DFF08E7003F2835 /* Model.swift in Sources */,
				717C58F91DFEF3DD003F2835 /* LocalStore.swift in Sources */,
				717C58FB1DFF08DD003F2835 /* Location.swift in Sources */,
				719A7FF01DFF73B100CE7F34 /* Refresh.swift in Sources */,
				717C58FF1DFF0903003F2835 /* Forecast.swift in Sources */,
				719A7FEC1DFF71C000CE7F34 /* UIColor.swift in Sources */,
				719A7FF61DFF782D00CE7F34 /* ForecastDayQuickView.swift in Sources */,
				717C59071DFF2E68003F2835 /* MultiDayForecastViewController.swift in Sources */,
				717C58EE1DFEEBF0003F2835 /* CommandCenter.swift in Sources */,
				717C58D71DFD9C8D003F2835 /* AppDelegate.swift in Sources */,
				717C58F11DFEEC3D003F2835 /* ServiceProtocol.swift in Sources */,
				719A7FF41DFF782100CE7F34 /* ForecastQuickView.swift in Sources */,
				717C59051DFF2E52003F2835 /* CurrentForecastViewController.swift in Sources */,
				717C58F71DFEF35C003F2835 /* LocationService.swift in Sources */,
				717C58F51DFEF035003F2835 /* OpenWeatherMapService.swift in Sources */,
				71B9492B1E00B9C20093C437 /* ForecastDayQuickCollectionViewCell.swift in Sources */,
				719A7FE91DFF713A00CE7F34 /* Constants.swift in Sources */,
				717C59031DFF2E3F003F2835 /* WeatherDashboardViewController.swift in Sources */,
				717C59011DFF0915003F2835 /* WeatherCondition.swift in Sources */,
			);
			runOnlyForDeploymentPostprocessing = 0;
		};
/* End PBXSourcesBuildPhase section */

/* Begin PBXVariantGroup section */
		717C58DF1DFD9C8D003F2835 /* LaunchScreen.storyboard */ = {
			isa = PBXVariantGroup;
			children = (
				717C58E01DFD9C8D003F2835 /* Base */,
			);
			name = LaunchScreen.storyboard;
			sourceTree = "<group>";
		};
/* End PBXVariantGroup section */

/* Begin XCBuildConfiguration section */
		717C58E31DFD9C8D003F2835 /* Debug */ = {
			isa = XCBuildConfiguration;
			buildSettings = {
				ALWAYS_SEARCH_USER_PATHS = NO;
				CLANG_ANALYZER_NONNULL = YES;
				CLANG_CXX_LANGUAGE_STANDARD = "gnu++0x";
				CLANG_CXX_LIBRARY = "libc++";
				CLANG_ENABLE_MODULES = YES;
				CLANG_ENABLE_OBJC_ARC = YES;
				CLANG_WARN_BOOL_CONVERSION = YES;
				CLANG_WARN_CONSTANT_CONVERSION = YES;
				CLANG_WARN_DIRECT_OBJC_ISA_USAGE = YES_ERROR;
				CLANG_WARN_DOCUMENTATION_COMMENTS = YES;
				CLANG_WARN_EMPTY_BODY = YES;
				CLANG_WARN_ENUM_CONVERSION = YES;
				CLANG_WARN_INFINITE_RECURSION = YES;
				CLANG_WARN_INT_CONVERSION = YES;
				CLANG_WARN_OBJC_ROOT_CLASS = YES_ERROR;
				CLANG_WARN_SUSPICIOUS_MOVES = YES;
				CLANG_WARN_UNREACHABLE_CODE = YES;
				CLANG_WARN__DUPLICATE_METHOD_MATCH = YES;
				"CODE_SIGN_IDENTITY[sdk=iphoneos*]" = "iPhone Developer";
				COPY_PHASE_STRIP = NO;
				DEBUG_INFORMATION_FORMAT = dwarf;
				ENABLE_STRICT_OBJC_MSGSEND = YES;
				ENABLE_TESTABILITY = YES;
				GCC_C_LANGUAGE_STANDARD = gnu99;
				GCC_DYNAMIC_NO_PIC = NO;
				GCC_NO_COMMON_BLOCKS = YES;
				GCC_OPTIMIZATION_LEVEL = 0;
				GCC_PREPROCESSOR_DEFINITIONS = (
					"DEBUG=1",
					"$(inherited)",
				);
				GCC_WARN_64_TO_32_BIT_CONVERSION = YES;
				GCC_WARN_ABOUT_RETURN_TYPE = YES_ERROR;
				GCC_WARN_UNDECLARED_SELECTOR = YES;
				GCC_WARN_UNINITIALIZED_AUTOS = YES_AGGRESSIVE;
				GCC_WARN_UNUSED_FUNCTION = YES;
				GCC_WARN_UNUSED_VARIABLE = YES;
				IPHONEOS_DEPLOYMENT_TARGET = 10.1;
				MTL_ENABLE_DEBUG_INFO = YES;
				ONLY_ACTIVE_ARCH = YES;
				SDKROOT = iphoneos;
				SWIFT_ACTIVE_COMPILATION_CONDITIONS = DEBUG;
				SWIFT_OPTIMIZATION_LEVEL = "-Onone";
			};
			name = Debug;
		};
		717C58E41DFD9C8D003F2835 /* Release */ = {
			isa = XCBuildConfiguration;
			buildSettings = {
				ALWAYS_SEARCH_USER_PATHS = NO;
				CLANG_ANALYZER_NONNULL = YES;
				CLANG_CXX_LANGUAGE_STANDARD = "gnu++0x";
				CLANG_CXX_LIBRARY = "libc++";
				CLANG_ENABLE_MODULES = YES;
				CLANG_ENABLE_OBJC_ARC = YES;
				CLANG_WARN_BOOL_CONVERSION = YES;
				CLANG_WARN_CONSTANT_CONVERSION = YES;
				CLANG_WARN_DIRECT_OBJC_ISA_USAGE = YES_ERROR;
				CLANG_WARN_DOCUMENTATION_COMMENTS = YES;
				CLANG_WARN_EMPTY_BODY = YES;
				CLANG_WARN_ENUM_CONVERSION = YES;
				CLANG_WARN_INFINITE_RECURSION = YES;
				CLANG_WARN_INT_CONVERSION = YES;
				CLANG_WARN_OBJC_ROOT_CLASS = YES_ERROR;
				CLANG_WARN_SUSPICIOUS_MOVES = YES;
				CLANG_WARN_UNREACHABLE_CODE = YES;
				CLANG_WARN__DUPLICATE_METHOD_MATCH = YES;
				"CODE_SIGN_IDENTITY[sdk=iphoneos*]" = "iPhone Developer";
				COPY_PHASE_STRIP = NO;
				DEBUG_INFORMATION_FORMAT = "dwarf-with-dsym";
				ENABLE_NS_ASSERTIONS = NO;
				ENABLE_STRICT_OBJC_MSGSEND = YES;
				GCC_C_LANGUAGE_STANDARD = gnu99;
				GCC_NO_COMMON_BLOCKS = YES;
				GCC_WARN_64_TO_32_BIT_CONVERSION = YES;
				GCC_WARN_ABOUT_RETURN_TYPE = YES_ERROR;
				GCC_WARN_UNDECLARED_SELECTOR = YES;
				GCC_WARN_UNINITIALIZED_AUTOS = YES_AGGRESSIVE;
				GCC_WARN_UNUSED_FUNCTION = YES;
				GCC_WARN_UNUSED_VARIABLE = YES;
				IPHONEOS_DEPLOYMENT_TARGET = 10.1;
				MTL_ENABLE_DEBUG_INFO = NO;
				SDKROOT = iphoneos;
				SWIFT_OPTIMIZATION_LEVEL = "-Owholemodule";
				VALIDATE_PRODUCT = YES;
			};
			name = Release;
		};
		717C58E61DFD9C8D003F2835 /* Debug */ = {
			isa = XCBuildConfiguration;
			baseConfigurationReference = E25DEA32C36E32EA85EE85D9 /* Pods-Vain.debug.xcconfig */;
			buildSettings = {
				ASSETCATALOG_COMPILER_APPICON_NAME = AppIcon;
				DEVELOPMENT_TEAM = M3PW445462;
				INFOPLIST_FILE = Vain/Info.plist;
				LD_RUNPATH_SEARCH_PATHS = "$(inherited) @executable_path/Frameworks";
				PRODUCT_BUNDLE_IDENTIFIER = com.drulang.Vain;
				PRODUCT_NAME = "$(TARGET_NAME)";
				SWIFT_VERSION = 3.0;
			};
			name = Debug;
		};
		717C58E71DFD9C8D003F2835 /* Release */ = {
			isa = XCBuildConfiguration;
			baseConfigurationReference = CE646FCD91F8B24BCA6F9E16 /* Pods-Vain.release.xcconfig */;
			buildSettings = {
				ASSETCATALOG_COMPILER_APPICON_NAME = AppIcon;
				DEVELOPMENT_TEAM = M3PW445462;
				INFOPLIST_FILE = Vain/Info.plist;
				LD_RUNPATH_SEARCH_PATHS = "$(inherited) @executable_path/Frameworks";
				PRODUCT_BUNDLE_IDENTIFIER = com.drulang.Vain;
				PRODUCT_NAME = "$(TARGET_NAME)";
				SWIFT_VERSION = 3.0;
			};
			name = Release;
		};
/* End XCBuildConfiguration section */

/* Begin XCConfigurationList section */
		717C58CE1DFD9C8C003F2835 /* Build configuration list for PBXProject "Vain" */ = {
			isa = XCConfigurationList;
			buildConfigurations = (
				717C58E31DFD9C8D003F2835 /* Debug */,
				717C58E41DFD9C8D003F2835 /* Release */,
			);
			defaultConfigurationIsVisible = 0;
			defaultConfigurationName = Release;
		};
		717C58E51DFD9C8D003F2835 /* Build configuration list for PBXNativeTarget "Vain" */ = {
			isa = XCConfigurationList;
			buildConfigurations = (
				717C58E61DFD9C8D003F2835 /* Debug */,
				717C58E71DFD9C8D003F2835 /* Release */,
			);
			defaultConfigurationIsVisible = 0;
			defaultConfigurationName = Release;
		};
/* End XCConfigurationList section */
	};
	rootObject = 717C58CB1DFD9C8C003F2835 /* Project object */;
}
