// !$*UTF8*$!
{
	archiveVersion = 1;
	classes = {
	};
	objectVersion = 46;
	objects = {

/* Begin PBXBuildFile section */
		28A3BDCD6435875329787F7C /* Pods_Vain.framework in Frameworks */ = {isa = PBXBuildFile; fileRef = 8013F465A06DE8F865801796 /* Pods_Vain.framework */; };
		6C6A3C754F816ACC09EFFD61 /* Pods_Vain.framework in Frameworks */ = {isa = PBXBuildFile; fileRef = 8013F465A06DE8F865801796 /* Pods_Vain.framework */; };
		717C58D71DFD9C8D003F2835 /* AppDelegate.swift in Sources */ = {isa = PBXBuildFile; fileRef = 717C58D61DFD9C8D003F2835 /* AppDelegate.swift */; };
		717C58DE1DFD9C8D003F2835 /* Assets.xcassets in Resources */ = {isa = PBXBuildFile; fileRef = 717C58DD1DFD9C8D003F2835 /* Assets.xcassets */; };
		717C58E11DFD9C8D003F2835 /* LaunchScreen.storyboard in Resources */ = {isa = PBXBuildFile; fileRef = 717C58DF1DFD9C8D003F2835 /* LaunchScreen.storyboard */; };
		717C58EE1DFEEBF0003F2835 /* CommandCenter.swift in Sources */ = {isa = PBXBuildFile; fileRef = 717C58ED1DFEEBF0003F2835 /* CommandCenter.swift */; };
		717C58F11DFEEC3D003F2835 /* ServiceProtocol.swift in Sources */ = {isa = PBXBuildFile; fileRef = 717C58F01DFEEC3D003F2835 /* ServiceProtocol.swift */; };
		717C58F51DFEF035003F2835 /* OpenWeatherMapService.swift in Sources */ = {isa = PBXBuildFile; fileRef = 717C58F41DFEF035003F2835 /* OpenWeatherMapService.swift */; };
		717C58F71DFEF35C003F2835 /* LocationService.swift in Sources */ = {isa = PBXBuildFile; fileRef = 717C58F61DFEF35C003F2835 /* LocationService.swift */; };
		717C58F91DFEF3DD003F2835 /* LocalStore.swift in Sources */ = {isa = PBXBuildFile; fileRef = 717C58F81DFEF3DD003F2835 /* LocalStore.swift */; };
		717C58FB1DFF08DD003F2835 /* Location.swift in Sources */ = {isa = PBXBuildFile; fileRef = 717C58FA1DFF08DD003F2835 /* Location.swift */; };
		717C58FD1DFF08E7003F2835 /* Model.swift in Sources */ = {isa = PBXBuildFile; fileRef = 717C58FC1DFF08E7003F2835 /* Model.swift */; };
		717C58FF1DFF0903003F2835 /* Forecast.swift in Sources */ = {isa = PBXBuildFile; fileRef = 717C58FE1DFF0903003F2835 /* Forecast.swift */; };
		717C59011DFF0915003F2835 /* WeatherCondition.swift in Sources */ = {isa = PBXBuildFile; fileRef = 717C59001DFF0915003F2835 /* WeatherCondition.swift */; };
		717C59031DFF2E3F003F2835 /* WeatherDashboardViewController.swift in Sources */ = {isa = PBXBuildFile; fileRef = 717C59021DFF2E3F003F2835 /* WeatherDashboardViewController.swift */; };
		717C59051DFF2E52003F2835 /* CurrentForecastViewController.swift in Sources */ = {isa = PBXBuildFile; fileRef = 717C59041DFF2E52003F2835 /* CurrentForecastViewController.swift */; };
		717C59071DFF2E68003F2835 /* DailyForecastViewController.swift in Sources */ = {isa = PBXBuildFile; fileRef = 717C59061DFF2E68003F2835 /* DailyForecastViewController.swift */; };
		718C961D1E104ED500EC2923 /* Adapter.swift in Sources */ = {isa = PBXBuildFile; fileRef = 718C961C1E104ED500EC2923 /* Adapter.swift */; };
		719A7FE91DFF713A00CE7F34 /* Constants.swift in Sources */ = {isa = PBXBuildFile; fileRef = 719A7FE81DFF713A00CE7F34 /* Constants.swift */; };
		719A7FEC1DFF71C000CE7F34 /* UIColor.swift in Sources */ = {isa = PBXBuildFile; fileRef = 719A7FEB1DFF71C000CE7F34 /* UIColor.swift */; };
		719A7FEE1DFF735000CE7F34 /* UIView.swift in Sources */ = {isa = PBXBuildFile; fileRef = 719A7FED1DFF735000CE7F34 /* UIView.swift */; };
		719A7FF01DFF73B100CE7F34 /* Refresh.swift in Sources */ = {isa = PBXBuildFile; fileRef = 719A7FEF1DFF73B100CE7F34 /* Refresh.swift */; };
		719A7FF41DFF782100CE7F34 /* ForecastQuickView.swift in Sources */ = {isa = PBXBuildFile; fileRef = 719A7FF31DFF782100CE7F34 /* ForecastQuickView.swift */; };
		719A7FF61DFF782D00CE7F34 /* ForecastDayQuickView.swift in Sources */ = {isa = PBXBuildFile; fileRef = 719A7FF51DFF782D00CE7F34 /* ForecastDayQuickView.swift */; };
		719EE7611E1D8C1500ACA9B9 /* MockWeatherService.swift in Sources */ = {isa = PBXBuildFile; fileRef = 719EE7601E1D8C1500ACA9B9 /* MockWeatherService.swift */; };
		719EE7621E1D8C1500ACA9B9 /* MockWeatherService.swift in Sources */ = {isa = PBXBuildFile; fileRef = 719EE7601E1D8C1500ACA9B9 /* MockWeatherService.swift */; };
		719EE7631E1D8C1500ACA9B9 /* MockWeatherService.swift in Sources */ = {isa = PBXBuildFile; fileRef = 719EE7601E1D8C1500ACA9B9 /* MockWeatherService.swift */; };
		71B9492B1E00B9C20093C437 /* ForecastDayQuickCollectionViewCell.swift in Sources */ = {isa = PBXBuildFile; fileRef = 71B9492A1E00B9C20093C437 /* ForecastDayQuickCollectionViewCell.swift */; };
		71E8B8F21E14601100385A0B /* UIView.swift in Sources */ = {isa = PBXBuildFile; fileRef = 719A7FED1DFF735000CE7F34 /* UIView.swift */; };
		71E8B8F31E14601100385A0B /* Model.swift in Sources */ = {isa = PBXBuildFile; fileRef = 717C58FC1DFF08E7003F2835 /* Model.swift */; };
		71E8B8F41E14601100385A0B /* LocalStore.swift in Sources */ = {isa = PBXBuildFile; fileRef = 717C58F81DFEF3DD003F2835 /* LocalStore.swift */; };
		71E8B8F51E14601100385A0B /* Location.swift in Sources */ = {isa = PBXBuildFile; fileRef = 717C58FA1DFF08DD003F2835 /* Location.swift */; };
		71E8B8F61E14601100385A0B /* Refresh.swift in Sources */ = {isa = PBXBuildFile; fileRef = 719A7FEF1DFF73B100CE7F34 /* Refresh.swift */; };
		71E8B8F71E14601100385A0B /* Forecast.swift in Sources */ = {isa = PBXBuildFile; fileRef = 717C58FE1DFF0903003F2835 /* Forecast.swift */; };
		71E8B8F81E14601100385A0B /* UIColor.swift in Sources */ = {isa = PBXBuildFile; fileRef = 719A7FEB1DFF71C000CE7F34 /* UIColor.swift */; };
		71E8B8F91E14601100385A0B /* ForecastDayQuickView.swift in Sources */ = {isa = PBXBuildFile; fileRef = 719A7FF51DFF782D00CE7F34 /* ForecastDayQuickView.swift */; };
		71E8B8FA1E14601100385A0B /* DailyForecastViewController.swift in Sources */ = {isa = PBXBuildFile; fileRef = 717C59061DFF2E68003F2835 /* DailyForecastViewController.swift */; };
		71E8B8FB1E14601100385A0B /* CommandCenter.swift in Sources */ = {isa = PBXBuildFile; fileRef = 717C58ED1DFEEBF0003F2835 /* CommandCenter.swift */; };
		71E8B8FD1E14601100385A0B /* ServiceProtocol.swift in Sources */ = {isa = PBXBuildFile; fileRef = 717C58F01DFEEC3D003F2835 /* ServiceProtocol.swift */; };
		71E8B8FE1E14601100385A0B /* ForecastQuickView.swift in Sources */ = {isa = PBXBuildFile; fileRef = 719A7FF31DFF782100CE7F34 /* ForecastQuickView.swift */; };
		71E8B8FF1E14601100385A0B /* Adapter.swift in Sources */ = {isa = PBXBuildFile; fileRef = 718C961C1E104ED500EC2923 /* Adapter.swift */; };
		71E8B9001E14601100385A0B /* CurrentForecastViewController.swift in Sources */ = {isa = PBXBuildFile; fileRef = 717C59041DFF2E52003F2835 /* CurrentForecastViewController.swift */; };
		71E8B9011E14601100385A0B /* LocationService.swift in Sources */ = {isa = PBXBuildFile; fileRef = 717C58F61DFEF35C003F2835 /* LocationService.swift */; };
		71E8B9021E14601100385A0B /* OpenWeatherMapService.swift in Sources */ = {isa = PBXBuildFile; fileRef = 717C58F41DFEF035003F2835 /* OpenWeatherMapService.swift */; };
		71E8B9031E14601100385A0B /* ForecastDayQuickCollectionViewCell.swift in Sources */ = {isa = PBXBuildFile; fileRef = 71B9492A1E00B9C20093C437 /* ForecastDayQuickCollectionViewCell.swift */; };
		71E8B9041E14601100385A0B /* Constants.swift in Sources */ = {isa = PBXBuildFile; fileRef = 719A7FE81DFF713A00CE7F34 /* Constants.swift */; };
		71E8B9051E14601100385A0B /* WeatherDashboardViewController.swift in Sources */ = {isa = PBXBuildFile; fileRef = 717C59021DFF2E3F003F2835 /* WeatherDashboardViewController.swift */; };
		71E8B9061E14601100385A0B /* WeatherCondition.swift in Sources */ = {isa = PBXBuildFile; fileRef = 717C59001DFF0915003F2835 /* WeatherCondition.swift */; };
		71E8B90A1E14601100385A0B /* LaunchScreen.storyboard in Resources */ = {isa = PBXBuildFile; fileRef = 717C58DF1DFD9C8D003F2835 /* LaunchScreen.storyboard */; };
		71E8B90B1E14601100385A0B /* Assets.xcassets in Resources */ = {isa = PBXBuildFile; fileRef = 717C58DD1DFD9C8D003F2835 /* Assets.xcassets */; };
		71E8B9141E146C5D00385A0B /* MeasurementFormatter.swift in Sources */ = {isa = PBXBuildFile; fileRef = 71E8B9131E146C5D00385A0B /* MeasurementFormatter.swift */; };
		71E8B9151E146CAF00385A0B /* MeasurementFormatter.swift in Sources */ = {isa = PBXBuildFile; fileRef = 71E8B9131E146C5D00385A0B /* MeasurementFormatter.swift */; };
		71E8B91F1E15A47500385A0B /* NotificationCenter.framework in Frameworks */ = {isa = PBXBuildFile; fileRef = 71E8B91E1E15A47500385A0B /* NotificationCenter.framework */; };
		71E8B9221E15A47500385A0B /* TodayViewController.swift in Sources */ = {isa = PBXBuildFile; fileRef = 71E8B9211E15A47500385A0B /* TodayViewController.swift */; };
		71E8B9291E15A47500385A0B /* VainWidget.appex in Embed App Extensions */ = {isa = PBXBuildFile; fileRef = 71E8B91D1E15A47500385A0B /* VainWidget.appex */; settings = {ATTRIBUTES = (RemoveHeadersOnCopy, ); }; };
		71E8B92F1E15A95C00385A0B /* ServiceProtocol.swift in Sources */ = {isa = PBXBuildFile; fileRef = 717C58F01DFEEC3D003F2835 /* ServiceProtocol.swift */; };
		71E8B9301E15A95F00385A0B /* OpenWeatherMapService.swift in Sources */ = {isa = PBXBuildFile; fileRef = 717C58F41DFEF035003F2835 /* OpenWeatherMapService.swift */; };
		71E8B9311E15A96200385A0B /* LocationService.swift in Sources */ = {isa = PBXBuildFile; fileRef = 717C58F61DFEF35C003F2835 /* LocationService.swift */; };
		71E8B9321E15A96500385A0B /* LocalStore.swift in Sources */ = {isa = PBXBuildFile; fileRef = 717C58F81DFEF3DD003F2835 /* LocalStore.swift */; };
		71E8B9331E15A96C00385A0B /* CommandCenter.swift in Sources */ = {isa = PBXBuildFile; fileRef = 717C58ED1DFEEBF0003F2835 /* CommandCenter.swift */; };
		71E8B9341E15A97700385A0B /* Model.swift in Sources */ = {isa = PBXBuildFile; fileRef = 717C58FC1DFF08E7003F2835 /* Model.swift */; };
		71E8B9351E15A97900385A0B /* Location.swift in Sources */ = {isa = PBXBuildFile; fileRef = 717C58FA1DFF08DD003F2835 /* Location.swift */; };
		71E8B9361E15A97B00385A0B /* Forecast.swift in Sources */ = {isa = PBXBuildFile; fileRef = 717C58FE1DFF0903003F2835 /* Forecast.swift */; };
		71E8B9371E15A97D00385A0B /* WeatherCondition.swift in Sources */ = {isa = PBXBuildFile; fileRef = 717C59001DFF0915003F2835 /* WeatherCondition.swift */; };
		71E8B9381E15A98F00385A0B /* Refresh.swift in Sources */ = {isa = PBXBuildFile; fileRef = 719A7FEF1DFF73B100CE7F34 /* Refresh.swift */; };
		71E8B9391E15A99200385A0B /* Adapter.swift in Sources */ = {isa = PBXBuildFile; fileRef = 718C961C1E104ED500EC2923 /* Adapter.swift */; };
		71E8B93A1E15A99500385A0B /* UIColor.swift in Sources */ = {isa = PBXBuildFile; fileRef = 719A7FEB1DFF71C000CE7F34 /* UIColor.swift */; };
		71E8B93B1E15A99800385A0B /* UIView.swift in Sources */ = {isa = PBXBuildFile; fileRef = 719A7FED1DFF735000CE7F34 /* UIView.swift */; };
		71E8B93C1E15A99B00385A0B /* Constants.swift in Sources */ = {isa = PBXBuildFile; fileRef = 719A7FE81DFF713A00CE7F34 /* Constants.swift */; };
		71E8B93D1E15A99D00385A0B /* MeasurementFormatter.swift in Sources */ = {isa = PBXBuildFile; fileRef = 71E8B9131E146C5D00385A0B /* MeasurementFormatter.swift */; };
		71E8B93F1E15B1DA00385A0B /* Assets.xcassets in Resources */ = {isa = PBXBuildFile; fileRef = 717C58DD1DFD9C8D003F2835 /* Assets.xcassets */; };
		71E8B9401E15B5A700385A0B /* AppDelegate.swift in Sources */ = {isa = PBXBuildFile; fileRef = 717C58D61DFD9C8D003F2835 /* AppDelegate.swift */; };
		71E8B9421E15B6F600385A0B /* Log.swift in Sources */ = {isa = PBXBuildFile; fileRef = 71E8B9411E15B6F600385A0B /* Log.swift */; };
		71E8B9431E15B6F600385A0B /* Log.swift in Sources */ = {isa = PBXBuildFile; fileRef = 71E8B9411E15B6F600385A0B /* Log.swift */; };
		71E8B9441E15B6F600385A0B /* Log.swift in Sources */ = {isa = PBXBuildFile; fileRef = 71E8B9411E15B6F600385A0B /* Log.swift */; };
		71E8B9461E16D8AB00385A0B /* UIImage.swift in Sources */ = {isa = PBXBuildFile; fileRef = 71E8B9451E16D8AB00385A0B /* UIImage.swift */; };
		71E8B9471E16D8AB00385A0B /* UIImage.swift in Sources */ = {isa = PBXBuildFile; fileRef = 71E8B9451E16D8AB00385A0B /* UIImage.swift */; };
		71E8B9481E16D8AB00385A0B /* UIImage.swift in Sources */ = {isa = PBXBuildFile; fileRef = 71E8B9451E16D8AB00385A0B /* UIImage.swift */; };
		DDE049F041B2E0AC78AC08E9 /* Pods_VainWidget.framework in Frameworks */ = {isa = PBXBuildFile; fileRef = 72FDAA4AAF0D834AE08A1189 /* Pods_VainWidget.framework */; };
/* End PBXBuildFile section */

/* Begin PBXContainerItemProxy section */
		71E8B9271E15A47500385A0B /* PBXContainerItemProxy */ = {
			isa = PBXContainerItemProxy;
			containerPortal = 717C58CB1DFD9C8C003F2835 /* Project object */;
			proxyType = 1;
			remoteGlobalIDString = 71E8B91C1E15A47500385A0B;
			remoteInfo = VainWidget;
		};
/* End PBXContainerItemProxy section */

/* Begin PBXCopyFilesBuildPhase section */
		71E8B92D1E15A47500385A0B /* Embed App Extensions */ = {
			isa = PBXCopyFilesBuildPhase;
			buildActionMask = 2147483647;
			dstPath = "";
			dstSubfolderSpec = 13;
			files = (
				71E8B9291E15A47500385A0B /* VainWidget.appex in Embed App Extensions */,
			);
			name = "Embed App Extensions";
			runOnlyForDeploymentPostprocessing = 0;
		};
/* End PBXCopyFilesBuildPhase section */

/* Begin PBXFileReference section */
		0D3309F85E84AB75D470A0AE /* Pods-VainWidget.release.xcconfig */ = {isa = PBXFileReference; includeInIndex = 1; lastKnownFileType = text.xcconfig; name = "Pods-VainWidget.release.xcconfig"; path = "Pods/Target Support Files/Pods-VainWidget/Pods-VainWidget.release.xcconfig"; sourceTree = "<group>"; };
		6BA36ACD62EFF68FC78D2DB2 /* Pods-Vain.release.xcconfig */ = {isa = PBXFileReference; includeInIndex = 1; lastKnownFileType = text.xcconfig; name = "Pods-Vain.release.xcconfig"; path = "Pods/Target Support Files/Pods-Vain/Pods-Vain.release.xcconfig"; sourceTree = "<group>"; };
		717C58D31DFD9C8D003F2835 /* Vain.app */ = {isa = PBXFileReference; explicitFileType = wrapper.application; includeInIndex = 0; path = Vain.app; sourceTree = BUILT_PRODUCTS_DIR; };
		717C58D61DFD9C8D003F2835 /* AppDelegate.swift */ = {isa = PBXFileReference; lastKnownFileType = sourcecode.swift; path = AppDelegate.swift; sourceTree = "<group>"; };
		717C58DD1DFD9C8D003F2835 /* Assets.xcassets */ = {isa = PBXFileReference; lastKnownFileType = folder.assetcatalog; path = Assets.xcassets; sourceTree = "<group>"; };
		717C58E01DFD9C8D003F2835 /* Base */ = {isa = PBXFileReference; lastKnownFileType = file.storyboard; name = Base; path = Base.lproj/LaunchScreen.storyboard; sourceTree = "<group>"; };
		717C58E21DFD9C8D003F2835 /* Info.plist */ = {isa = PBXFileReference; lastKnownFileType = text.plist.xml; path = Info.plist; sourceTree = "<group>"; };
		717C58ED1DFEEBF0003F2835 /* CommandCenter.swift */ = {isa = PBXFileReference; fileEncoding = 4; lastKnownFileType = sourcecode.swift; path = CommandCenter.swift; sourceTree = "<group>"; };
		717C58F01DFEEC3D003F2835 /* ServiceProtocol.swift */ = {isa = PBXFileReference; fileEncoding = 4; lastKnownFileType = sourcecode.swift; path = ServiceProtocol.swift; sourceTree = "<group>"; };
		717C58F41DFEF035003F2835 /* OpenWeatherMapService.swift */ = {isa = PBXFileReference; fileEncoding = 4; lastKnownFileType = sourcecode.swift; path = OpenWeatherMapService.swift; sourceTree = "<group>"; };
		717C58F61DFEF35C003F2835 /* LocationService.swift */ = {isa = PBXFileReference; fileEncoding = 4; lastKnownFileType = sourcecode.swift; path = LocationService.swift; sourceTree = "<group>"; };
		717C58F81DFEF3DD003F2835 /* LocalStore.swift */ = {isa = PBXFileReference; fileEncoding = 4; lastKnownFileType = sourcecode.swift; path = LocalStore.swift; sourceTree = "<group>"; };
		717C58FA1DFF08DD003F2835 /* Location.swift */ = {isa = PBXFileReference; fileEncoding = 4; lastKnownFileType = sourcecode.swift; path = Location.swift; sourceTree = "<group>"; };
		717C58FC1DFF08E7003F2835 /* Model.swift */ = {isa = PBXFileReference; fileEncoding = 4; lastKnownFileType = sourcecode.swift; path = Model.swift; sourceTree = "<group>"; };
		717C58FE1DFF0903003F2835 /* Forecast.swift */ = {isa = PBXFileReference; fileEncoding = 4; lastKnownFileType = sourcecode.swift; path = Forecast.swift; sourceTree = "<group>"; };
		717C59001DFF0915003F2835 /* WeatherCondition.swift */ = {isa = PBXFileReference; fileEncoding = 4; lastKnownFileType = sourcecode.swift; path = WeatherCondition.swift; sourceTree = "<group>"; };
		717C59021DFF2E3F003F2835 /* WeatherDashboardViewController.swift */ = {isa = PBXFileReference; fileEncoding = 4; lastKnownFileType = sourcecode.swift; path = WeatherDashboardViewController.swift; sourceTree = "<group>"; };
		717C59041DFF2E52003F2835 /* CurrentForecastViewController.swift */ = {isa = PBXFileReference; fileEncoding = 4; lastKnownFileType = sourcecode.swift; path = CurrentForecastViewController.swift; sourceTree = "<group>"; };
		717C59061DFF2E68003F2835 /* DailyForecastViewController.swift */ = {isa = PBXFileReference; fileEncoding = 4; lastKnownFileType = sourcecode.swift; path = DailyForecastViewController.swift; sourceTree = "<group>"; };
		718C961C1E104ED500EC2923 /* Adapter.swift */ = {isa = PBXFileReference; fileEncoding = 4; lastKnownFileType = sourcecode.swift; path = Adapter.swift; sourceTree = "<group>"; };
		719A7FE81DFF713A00CE7F34 /* Constants.swift */ = {isa = PBXFileReference; fileEncoding = 4; lastKnownFileType = sourcecode.swift; path = Constants.swift; sourceTree = "<group>"; };
		719A7FEB1DFF71C000CE7F34 /* UIColor.swift */ = {isa = PBXFileReference; fileEncoding = 4; lastKnownFileType = sourcecode.swift; path = UIColor.swift; sourceTree = "<group>"; };
		719A7FED1DFF735000CE7F34 /* UIView.swift */ = {isa = PBXFileReference; fileEncoding = 4; lastKnownFileType = sourcecode.swift; path = UIView.swift; sourceTree = "<group>"; };
		719A7FEF1DFF73B100CE7F34 /* Refresh.swift */ = {isa = PBXFileReference; fileEncoding = 4; lastKnownFileType = sourcecode.swift; path = Refresh.swift; sourceTree = "<group>"; };
		719A7FF31DFF782100CE7F34 /* ForecastQuickView.swift */ = {isa = PBXFileReference; fileEncoding = 4; lastKnownFileType = sourcecode.swift; path = ForecastQuickView.swift; sourceTree = "<group>"; };
		719A7FF51DFF782D00CE7F34 /* ForecastDayQuickView.swift */ = {isa = PBXFileReference; fileEncoding = 4; lastKnownFileType = sourcecode.swift; path = ForecastDayQuickView.swift; sourceTree = "<group>"; };
		719EE7601E1D8C1500ACA9B9 /* MockWeatherService.swift */ = {isa = PBXFileReference; fileEncoding = 4; lastKnownFileType = sourcecode.swift; path = MockWeatherService.swift; sourceTree = "<group>"; };
		71B9492A1E00B9C20093C437 /* ForecastDayQuickCollectionViewCell.swift */ = {isa = PBXFileReference; fileEncoding = 4; lastKnownFileType = sourcecode.swift; path = ForecastDayQuickCollectionViewCell.swift; sourceTree = "<group>"; };
		71E8B9111E14601100385A0B /* Vain Staging.app */ = {isa = PBXFileReference; explicitFileType = wrapper.application; includeInIndex = 0; path = "Vain Staging.app"; sourceTree = BUILT_PRODUCTS_DIR; };
		71E8B9121E14601100385A0B /* Staging-Info.plist */ = {isa = PBXFileReference; lastKnownFileType = text.plist.xml; name = "Staging-Info.plist"; path = "/Users/dru/Documents/code/vain/Staging-Info.plist"; sourceTree = "<absolute>"; };
		71E8B9131E146C5D00385A0B /* MeasurementFormatter.swift */ = {isa = PBXFileReference; fileEncoding = 4; lastKnownFileType = sourcecode.swift; path = MeasurementFormatter.swift; sourceTree = "<group>"; };
		71E8B91D1E15A47500385A0B /* VainWidget.appex */ = {isa = PBXFileReference; explicitFileType = "wrapper.app-extension"; includeInIndex = 0; path = VainWidget.appex; sourceTree = BUILT_PRODUCTS_DIR; };
		71E8B91E1E15A47500385A0B /* NotificationCenter.framework */ = {isa = PBXFileReference; lastKnownFileType = wrapper.framework; name = NotificationCenter.framework; path = System/Library/Frameworks/NotificationCenter.framework; sourceTree = SDKROOT; };
		71E8B9211E15A47500385A0B /* TodayViewController.swift */ = {isa = PBXFileReference; lastKnownFileType = sourcecode.swift; path = TodayViewController.swift; sourceTree = "<group>"; };
		71E8B9261E15A47500385A0B /* Info.plist */ = {isa = PBXFileReference; lastKnownFileType = text.plist.xml; path = Info.plist; sourceTree = "<group>"; };
		71E8B9411E15B6F600385A0B /* Log.swift */ = {isa = PBXFileReference; fileEncoding = 4; lastKnownFileType = sourcecode.swift; path = Log.swift; sourceTree = "<group>"; };
		71E8B9451E16D8AB00385A0B /* UIImage.swift */ = {isa = PBXFileReference; fileEncoding = 4; lastKnownFileType = sourcecode.swift; path = UIImage.swift; sourceTree = "<group>"; };
		72FDAA4AAF0D834AE08A1189 /* Pods_VainWidget.framework */ = {isa = PBXFileReference; explicitFileType = wrapper.framework; includeInIndex = 0; path = Pods_VainWidget.framework; sourceTree = BUILT_PRODUCTS_DIR; };
		8013F465A06DE8F865801796 /* Pods_Vain.framework */ = {isa = PBXFileReference; explicitFileType = wrapper.framework; includeInIndex = 0; path = Pods_Vain.framework; sourceTree = BUILT_PRODUCTS_DIR; };
		9DCAE291C27C959613DD299B /* Pods-Vain.debug.xcconfig */ = {isa = PBXFileReference; includeInIndex = 1; lastKnownFileType = text.xcconfig; name = "Pods-Vain.debug.xcconfig"; path = "Pods/Target Support Files/Pods-Vain/Pods-Vain.debug.xcconfig"; sourceTree = "<group>"; };
		FA5CE5FF71E0DED07DCB51B7 /* Pods-VainWidget.debug.xcconfig */ = {isa = PBXFileReference; includeInIndex = 1; lastKnownFileType = text.xcconfig; name = "Pods-VainWidget.debug.xcconfig"; path = "Pods/Target Support Files/Pods-VainWidget/Pods-VainWidget.debug.xcconfig"; sourceTree = "<group>"; };
/* End PBXFileReference section */

/* Begin PBXFrameworksBuildPhase section */
		717C58D01DFD9C8D003F2835 /* Frameworks */ = {
			isa = PBXFrameworksBuildPhase;
			buildActionMask = 2147483647;
			files = (
				6C6A3C754F816ACC09EFFD61 /* Pods_Vain.framework in Frameworks */,
				28A3BDCD6435875329787F7C /* Pods_Vain.framework in Frameworks */,
			);
			runOnlyForDeploymentPostprocessing = 0;
		};
		71E8B9071E14601100385A0B /* Frameworks */ = {
			isa = PBXFrameworksBuildPhase;
			buildActionMask = 2147483647;
			files = (
			);
			runOnlyForDeploymentPostprocessing = 0;
		};
		71E8B91A1E15A47500385A0B /* Frameworks */ = {
			isa = PBXFrameworksBuildPhase;
			buildActionMask = 2147483647;
			files = (
				71E8B91F1E15A47500385A0B /* NotificationCenter.framework in Frameworks */,
				DDE049F041B2E0AC78AC08E9 /* Pods_VainWidget.framework in Frameworks */,
			);
			runOnlyForDeploymentPostprocessing = 0;
		};
/* End PBXFrameworksBuildPhase section */

/* Begin PBXGroup section */
		0C0D26AE9951D09BCAF017A4 /* Frameworks */ = {
			isa = PBXGroup;
			children = (
				8013F465A06DE8F865801796 /* Pods_Vain.framework */,
				71E8B91E1E15A47500385A0B /* NotificationCenter.framework */,
				72FDAA4AAF0D834AE08A1189 /* Pods_VainWidget.framework */,
			);
			name = Frameworks;
			sourceTree = "<group>";
		};
		0E2D070E46EE2B1782EAC543 /* Pods */ = {
			isa = PBXGroup;
			children = (
				9DCAE291C27C959613DD299B /* Pods-Vain.debug.xcconfig */,
				6BA36ACD62EFF68FC78D2DB2 /* Pods-Vain.release.xcconfig */,
				FA5CE5FF71E0DED07DCB51B7 /* Pods-VainWidget.debug.xcconfig */,
				0D3309F85E84AB75D470A0AE /* Pods-VainWidget.release.xcconfig */,
			);
			name = Pods;
			sourceTree = "<group>";
		};
		717C58CA1DFD9C8C003F2835 = {
			isa = PBXGroup;
			children = (
				717C58D51DFD9C8D003F2835 /* Vain */,
				71E8B9201E15A47500385A0B /* VainWidget */,
				717C58D41DFD9C8D003F2835 /* Products */,
				0E2D070E46EE2B1782EAC543 /* Pods */,
				0C0D26AE9951D09BCAF017A4 /* Frameworks */,
			);
			sourceTree = "<group>";
		};
		717C58D41DFD9C8D003F2835 /* Products */ = {
			isa = PBXGroup;
			children = (
				717C58D31DFD9C8D003F2835 /* Vain.app */,
				71E8B9111E14601100385A0B /* Vain Staging.app */,
				71E8B91D1E15A47500385A0B /* VainWidget.appex */,
			);
			name = Products;
			sourceTree = "<group>";
		};
		717C58D51DFD9C8D003F2835 /* Vain */ = {
			isa = PBXGroup;
			children = (
				717C58EC1DFE295C003F2835 /* Service */,
				717C58EB1DFD9E4D003F2835 /* Main */,
				717C58EA1DFD9E37003F2835 /* Model */,
				719A7FF21DFF77B700CE7F34 /* View */,
				717C58E91DFD9E29003F2835 /* Controller */,
				719A7FF11DFF73B800CE7F34 /* Protocol */,
				719A7FEA1DFF71B500CE7F34 /* Extension */,
				719A7FE71DFF712700CE7F34 /* Misc */,
				717C58E81DFD9E08003F2835 /* Supporting Files */,
			);
			path = Vain;
			sourceTree = "<group>";
		};
		717C58E81DFD9E08003F2835 /* Supporting Files */ = {
			isa = PBXGroup;
			children = (
				717C58DD1DFD9C8D003F2835 /* Assets.xcassets */,
				717C58DF1DFD9C8D003F2835 /* LaunchScreen.storyboard */,
				717C58E21DFD9C8D003F2835 /* Info.plist */,
				71E8B9121E14601100385A0B /* Staging-Info.plist */,
			);
			name = "Supporting Files";
			sourceTree = "<group>";
		};
		717C58E91DFD9E29003F2835 /* Controller */ = {
			isa = PBXGroup;
			children = (
				717C59021DFF2E3F003F2835 /* WeatherDashboardViewController.swift */,
				717C59041DFF2E52003F2835 /* CurrentForecastViewController.swift */,
				717C59061DFF2E68003F2835 /* DailyForecastViewController.swift */,
			);
			name = Controller;
			sourceTree = "<group>";
		};
		717C58EA1DFD9E37003F2835 /* Model */ = {
			isa = PBXGroup;
			children = (
				717C58FC1DFF08E7003F2835 /* Model.swift */,
				717C58FA1DFF08DD003F2835 /* Location.swift */,
				717C58FE1DFF0903003F2835 /* Forecast.swift */,
				717C59001DFF0915003F2835 /* WeatherCondition.swift */,
			);
			name = Model;
			sourceTree = "<group>";
		};
		717C58EB1DFD9E4D003F2835 /* Main */ = {
			isa = PBXGroup;
			children = (
				717C58ED1DFEEBF0003F2835 /* CommandCenter.swift */,
				717C58D61DFD9C8D003F2835 /* AppDelegate.swift */,
			);
			name = Main;
			sourceTree = "<group>";
		};
		717C58EC1DFE295C003F2835 /* Service */ = {
			isa = PBXGroup;
			children = (
				717C58F01DFEEC3D003F2835 /* ServiceProtocol.swift */,
				717C58F61DFEF35C003F2835 /* LocationService.swift */,
				717C58F81DFEF3DD003F2835 /* LocalStore.swift */,
				719EE7641E1D8C2D00ACA9B9 /* Weather Service */,
			);
			name = Service;
			sourceTree = "<group>";
		};
		719A7FE71DFF712700CE7F34 /* Misc */ = {
			isa = PBXGroup;
			children = (
				719A7FE81DFF713A00CE7F34 /* Constants.swift */,
				71E8B9131E146C5D00385A0B /* MeasurementFormatter.swift */,
				71E8B9411E15B6F600385A0B /* Log.swift */,
			);
			name = Misc;
			sourceTree = "<group>";
		};
		719A7FEA1DFF71B500CE7F34 /* Extension */ = {
			isa = PBXGroup;
			children = (
				719A7FEB1DFF71C000CE7F34 /* UIColor.swift */,
				719A7FED1DFF735000CE7F34 /* UIView.swift */,
				71E8B9451E16D8AB00385A0B /* UIImage.swift */,
			);
			name = Extension;
			sourceTree = "<group>";
		};
		719A7FF11DFF73B800CE7F34 /* Protocol */ = {
			isa = PBXGroup;
			children = (
				719A7FEF1DFF73B100CE7F34 /* Refresh.swift */,
				718C961C1E104ED500EC2923 /* Adapter.swift */,
			);
			name = Protocol;
			sourceTree = "<group>";
		};
		719A7FF21DFF77B700CE7F34 /* View */ = {
			isa = PBXGroup;
			children = (
				71B949281E00B98A0093C437 /* Cell */,
				719A7FF31DFF782100CE7F34 /* ForecastQuickView.swift */,
				719A7FF51DFF782D00CE7F34 /* ForecastDayQuickView.swift */,
			);
			name = View;
			sourceTree = "<group>";
		};
		719EE7641E1D8C2D00ACA9B9 /* Weather Service */ = {
			isa = PBXGroup;
			children = (
				719EE7601E1D8C1500ACA9B9 /* MockWeatherService.swift */,
				717C58F41DFEF035003F2835 /* OpenWeatherMapService.swift */,
			);
			name = "Weather Service";
			sourceTree = "<group>";
		};
		71B949281E00B98A0093C437 /* Cell */ = {
			isa = PBXGroup;
			children = (
				71B9492A1E00B9C20093C437 /* ForecastDayQuickCollectionViewCell.swift */,
			);
			name = Cell;
			sourceTree = "<group>";
		};
		71E8B9201E15A47500385A0B /* VainWidget */ = {
			isa = PBXGroup;
			children = (
				71E8B9211E15A47500385A0B /* TodayViewController.swift */,
				71E8B9261E15A47500385A0B /* Info.plist */,
			);
			path = VainWidget;
			sourceTree = "<group>";
		};
/* End PBXGroup section */

/* Begin PBXNativeTarget section */
		717C58D21DFD9C8D003F2835 /* Vain */ = {
			isa = PBXNativeTarget;
			buildConfigurationList = 717C58E51DFD9C8D003F2835 /* Build configuration list for PBXNativeTarget "Vain" */;
			buildPhases = (
				6850D0C0082C994234B623D2 /* [CP] Check Pods Manifest.lock */,
				717C58CF1DFD9C8D003F2835 /* Sources */,
				717C58D01DFD9C8D003F2835 /* Frameworks */,
				717C58D11DFD9C8D003F2835 /* Resources */,
				BF0E690D2F9E71EBA00C4266 /* [CP] Embed Pods Frameworks */,
				98B5F5E4F95871E726DB0553 /* [CP] Copy Pods Resources */,
				71E8B92D1E15A47500385A0B /* Embed App Extensions */,
			);
			buildRules = (
			);
			dependencies = (
				71E8B9281E15A47500385A0B /* PBXTargetDependency */,
			);
			name = Vain;
			productName = Vain;
			productReference = 717C58D31DFD9C8D003F2835 /* Vain.app */;
			productType = "com.apple.product-type.application";
		};
		71E8B8EF1E14601100385A0B /* Vain Staging */ = {
			isa = PBXNativeTarget;
			buildConfigurationList = 71E8B90E1E14601100385A0B /* Build configuration list for PBXNativeTarget "Vain Staging" */;
			buildPhases = (
				71E8B8F11E14601100385A0B /* Sources */,
				71E8B9071E14601100385A0B /* Frameworks */,
				71E8B9091E14601100385A0B /* Resources */,
			);
			buildRules = (
			);
			dependencies = (
			);
			name = "Vain Staging";
			productName = Vain;
			productReference = 71E8B9111E14601100385A0B /* Vain Staging.app */;
			productType = "com.apple.product-type.application";
		};
		71E8B91C1E15A47500385A0B /* VainWidget */ = {
			isa = PBXNativeTarget;
			buildConfigurationList = 71E8B92A1E15A47500385A0B /* Build configuration list for PBXNativeTarget "VainWidget" */;
			buildPhases = (
				6147035B057209E5D041FECA /* [CP] Check Pods Manifest.lock */,
				71E8B9191E15A47500385A0B /* Sources */,
				71E8B91A1E15A47500385A0B /* Frameworks */,
				71E8B91B1E15A47500385A0B /* Resources */,
				6176F1E0A8C490FCFF3315D6 /* [CP] Copy Pods Resources */,
			);
			buildRules = (
			);
			dependencies = (
			);
			name = VainWidget;
			productName = VainWidget;
			productReference = 71E8B91D1E15A47500385A0B /* VainWidget.appex */;
			productType = "com.apple.product-type.app-extension";
		};
/* End PBXNativeTarget section */

/* Begin PBXProject section */
		717C58CB1DFD9C8C003F2835 /* Project object */ = {
			isa = PBXProject;
			attributes = {
				LastSwiftUpdateCheck = 0820;
				LastUpgradeCheck = 0820;
				ORGANIZATIONNAME = "Dru Lang";
				TargetAttributes = {
					717C58D21DFD9C8D003F2835 = {
						CreatedOnToolsVersion = 8.1;
						DevelopmentTeam = M3PW445462;
						LastSwiftMigration = 0820;
						ProvisioningStyle = Automatic;
					};
					71E8B8EF1E14601100385A0B = {
						DevelopmentTeam = M3PW445462;
					};
					71E8B91C1E15A47500385A0B = {
						CreatedOnToolsVersion = 8.2.1;
						DevelopmentTeam = M3PW445462;
						ProvisioningStyle = Automatic;
					};
				};
			};
			buildConfigurationList = 717C58CE1DFD9C8C003F2835 /* Build configuration list for PBXProject "Vain" */;
			compatibilityVersion = "Xcode 3.2";
			developmentRegion = English;
			hasScannedForEncodings = 0;
			knownRegions = (
				en,
				Base,
			);
			mainGroup = 717C58CA1DFD9C8C003F2835;
			productRefGroup = 717C58D41DFD9C8D003F2835 /* Products */;
			projectDirPath = "";
			projectRoot = "";
			targets = (
				717C58D21DFD9C8D003F2835 /* Vain */,
				71E8B8EF1E14601100385A0B /* Vain Staging */,
				71E8B91C1E15A47500385A0B /* VainWidget */,
			);
		};
/* End PBXProject section */

/* Begin PBXResourcesBuildPhase section */
		717C58D11DFD9C8D003F2835 /* Resources */ = {
			isa = PBXResourcesBuildPhase;
			buildActionMask = 2147483647;
			files = (
				717C58E11DFD9C8D003F2835 /* LaunchScreen.storyboard in Resources */,
				717C58DE1DFD9C8D003F2835 /* Assets.xcassets in Resources */,
			);
			runOnlyForDeploymentPostprocessing = 0;
		};
		71E8B9091E14601100385A0B /* Resources */ = {
			isa = PBXResourcesBuildPhase;
			buildActionMask = 2147483647;
			files = (
				71E8B90A1E14601100385A0B /* LaunchScreen.storyboard in Resources */,
				71E8B90B1E14601100385A0B /* Assets.xcassets in Resources */,
			);
			runOnlyForDeploymentPostprocessing = 0;
		};
		71E8B91B1E15A47500385A0B /* Resources */ = {
			isa = PBXResourcesBuildPhase;
			buildActionMask = 2147483647;
			files = (
				71E8B93F1E15B1DA00385A0B /* Assets.xcassets in Resources */,
			);
			runOnlyForDeploymentPostprocessing = 0;
		};
/* End PBXResourcesBuildPhase section */

/* Begin PBXShellScriptBuildPhase section */
		6147035B057209E5D041FECA /* [CP] Check Pods Manifest.lock */ = {
			isa = PBXShellScriptBuildPhase;
			buildActionMask = 2147483647;
			files = (
			);
			inputPaths = (
			);
			name = "[CP] Check Pods Manifest.lock";
			outputPaths = (
			);
			runOnlyForDeploymentPostprocessing = 0;
			shellPath = /bin/sh;
			shellScript = "diff \"${PODS_ROOT}/../Podfile.lock\" \"${PODS_ROOT}/Manifest.lock\" > /dev/null\nif [ $? != 0 ] ; then\n    # print error to STDERR\n    echo \"error: The sandbox is not in sync with the Podfile.lock. Run 'pod install' or update your CocoaPods installation.\" >&2\n    exit 1\nfi\n";
			showEnvVarsInLog = 0;
		};
		6176F1E0A8C490FCFF3315D6 /* [CP] Copy Pods Resources */ = {
			isa = PBXShellScriptBuildPhase;
			buildActionMask = 2147483647;
			files = (
			);
			inputPaths = (
			);
			name = "[CP] Copy Pods Resources";
			outputPaths = (
			);
			runOnlyForDeploymentPostprocessing = 0;
			shellPath = /bin/sh;
			shellScript = "\"${SRCROOT}/Pods/Target Support Files/Pods-VainWidget/Pods-VainWidget-resources.sh\"\n";
			showEnvVarsInLog = 0;
		};
		6850D0C0082C994234B623D2 /* [CP] Check Pods Manifest.lock */ = {
			isa = PBXShellScriptBuildPhase;
			buildActionMask = 2147483647;
			files = (
			);
			inputPaths = (
			);
			name = "[CP] Check Pods Manifest.lock";
			outputPaths = (
			);
			runOnlyForDeploymentPostprocessing = 0;
			shellPath = /bin/sh;
			shellScript = "diff \"${PODS_ROOT}/../Podfile.lock\" \"${PODS_ROOT}/Manifest.lock\" > /dev/null\nif [ $? != 0 ] ; then\n    # print error to STDERR\n    echo \"error: The sandbox is not in sync with the Podfile.lock. Run 'pod install' or update your CocoaPods installation.\" >&2\n    exit 1\nfi\n";
			showEnvVarsInLog = 0;
		};
		98B5F5E4F95871E726DB0553 /* [CP] Copy Pods Resources */ = {
			isa = PBXShellScriptBuildPhase;
			buildActionMask = 2147483647;
			files = (
			);
			inputPaths = (
			);
			name = "[CP] Copy Pods Resources";
			outputPaths = (
			);
			runOnlyForDeploymentPostprocessing = 0;
			shellPath = /bin/sh;
			shellScript = "\"${SRCROOT}/Pods/Target Support Files/Pods-Vain/Pods-Vain-resources.sh\"\n";
			showEnvVarsInLog = 0;
		};
		BF0E690D2F9E71EBA00C4266 /* [CP] Embed Pods Frameworks */ = {
			isa = PBXShellScriptBuildPhase;
			buildActionMask = 2147483647;
			files = (
			);
			inputPaths = (
			);
			name = "[CP] Embed Pods Frameworks";
			outputPaths = (
			);
			runOnlyForDeploymentPostprocessing = 0;
			shellPath = /bin/sh;
			shellScript = "\"${SRCROOT}/Pods/Target Support Files/Pods-Vain/Pods-Vain-frameworks.sh\"\n";
			showEnvVarsInLog = 0;
		};
/* End PBXShellScriptBuildPhase section */

/* Begin PBXSourcesBuildPhase section */
		717C58CF1DFD9C8D003F2835 /* Sources */ = {
			isa = PBXSourcesBuildPhase;
			buildActionMask = 2147483647;
			files = (
				719A7FEE1DFF735000CE7F34 /* UIView.swift in Sources */,
				71E8B9421E15B6F600385A0B /* Log.swift in Sources */,
				717C58FD1DFF08E7003F2835 /* Model.swift in Sources */,
				717C58F91DFEF3DD003F2835 /* LocalStore.swift in Sources */,
				717C58FB1DFF08DD003F2835 /* Location.swift in Sources */,
				719A7FF01DFF73B100CE7F34 /* Refresh.swift in Sources */,
				71E8B9141E146C5D00385A0B /* MeasurementFormatter.swift in Sources */,
				717C58FF1DFF0903003F2835 /* Forecast.swift in Sources */,
				719A7FEC1DFF71C000CE7F34 /* UIColor.swift in Sources */,
				71E8B9461E16D8AB00385A0B /* UIImage.swift in Sources */,
				719A7FF61DFF782D00CE7F34 /* ForecastDayQuickView.swift in Sources */,
				717C59071DFF2E68003F2835 /* DailyForecastViewController.swift in Sources */,
				719EE7611E1D8C1500ACA9B9 /* MockWeatherService.swift in Sources */,
				717C58EE1DFEEBF0003F2835 /* CommandCenter.swift in Sources */,
				717C58D71DFD9C8D003F2835 /* AppDelegate.swift in Sources */,
				717C58F11DFEEC3D003F2835 /* ServiceProtocol.swift in Sources */,
				719A7FF41DFF782100CE7F34 /* ForecastQuickView.swift in Sources */,
				718C961D1E104ED500EC2923 /* Adapter.swift in Sources */,
				717C59051DFF2E52003F2835 /* CurrentForecastViewController.swift in Sources */,
				717C58F71DFEF35C003F2835 /* LocationService.swift in Sources */,
				717C58F51DFEF035003F2835 /* OpenWeatherMapService.swift in Sources */,
				71B9492B1E00B9C20093C437 /* ForecastDayQuickCollectionViewCell.swift in Sources */,
				719A7FE91DFF713A00CE7F34 /* Constants.swift in Sources */,
				717C59031DFF2E3F003F2835 /* WeatherDashboardViewController.swift in Sources */,
				717C59011DFF0915003F2835 /* WeatherCondition.swift in Sources */,
			);
			runOnlyForDeploymentPostprocessing = 0;
		};
		71E8B8F11E14601100385A0B /* Sources */ = {
			isa = PBXSourcesBuildPhase;
			buildActionMask = 2147483647;
			files = (
				71E8B9401E15B5A700385A0B /* AppDelegate.swift in Sources */,
				71E8B9431E15B6F600385A0B /* Log.swift in Sources */,
				71E8B8F21E14601100385A0B /* UIView.swift in Sources */,
				71E8B8F31E14601100385A0B /* Model.swift in Sources */,
				71E8B8F41E14601100385A0B /* LocalStore.swift in Sources */,
				71E8B8F51E14601100385A0B /* Location.swift in Sources */,
				71E8B8F61E14601100385A0B /* Refresh.swift in Sources */,
				71E8B9151E146CAF00385A0B /* MeasurementFormatter.swift in Sources */,
				71E8B8F71E14601100385A0B /* Forecast.swift in Sources */,
				71E8B9471E16D8AB00385A0B /* UIImage.swift in Sources */,
				71E8B8F81E14601100385A0B /* UIColor.swift in Sources */,
				71E8B8F91E14601100385A0B /* ForecastDayQuickView.swift in Sources */,
				719EE7621E1D8C1500ACA9B9 /* MockWeatherService.swift in Sources */,
				71E8B8FA1E14601100385A0B /* DailyForecastViewController.swift in Sources */,
				71E8B8FB1E14601100385A0B /* CommandCenter.swift in Sources */,
				71E8B8FD1E14601100385A0B /* ServiceProtocol.swift in Sources */,
				71E8B8FE1E14601100385A0B /* ForecastQuickView.swift in Sources */,
				71E8B8FF1E14601100385A0B /* Adapter.swift in Sources */,
				71E8B9001E14601100385A0B /* CurrentForecastViewController.swift in Sources */,
				71E8B9011E14601100385A0B /* LocationService.swift in Sources */,
				71E8B9021E14601100385A0B /* OpenWeatherMapService.swift in Sources */,
				71E8B9031E14601100385A0B /* ForecastDayQuickCollectionViewCell.swift in Sources */,
				71E8B9041E14601100385A0B /* Constants.swift in Sources */,
				71E8B9051E14601100385A0B /* WeatherDashboardViewController.swift in Sources */,
				71E8B9061E14601100385A0B /* WeatherCondition.swift in Sources */,
			);
			runOnlyForDeploymentPostprocessing = 0;
		};
		71E8B9191E15A47500385A0B /* Sources */ = {
			isa = PBXSourcesBuildPhase;
			buildActionMask = 2147483647;
			files = (
				71E8B9391E15A99200385A0B /* Adapter.swift in Sources */,
				71E8B93A1E15A99500385A0B /* UIColor.swift in Sources */,
				71E8B92F1E15A95C00385A0B /* ServiceProtocol.swift in Sources */,
				71E8B9221E15A47500385A0B /* TodayViewController.swift in Sources */,
				71E8B9311E15A96200385A0B /* LocationService.swift in Sources */,
				71E8B9381E15A98F00385A0B /* Refresh.swift in Sources */,
				71E8B93C1E15A99B00385A0B /* Constants.swift in Sources */,
				71E8B9361E15A97B00385A0B /* Forecast.swift in Sources */,
				71E8B9441E15B6F600385A0B /* Log.swift in Sources */,
				71E8B9351E15A97900385A0B /* Location.swift in Sources */,
				71E8B9301E15A95F00385A0B /* OpenWeatherMapService.swift in Sources */,
				71E8B93B1E15A99800385A0B /* UIView.swift in Sources */,
				71E8B9321E15A96500385A0B /* LocalStore.swift in Sources */,
				71E8B9331E15A96C00385A0B /* CommandCenter.swift in Sources */,
				719EE7631E1D8C1500ACA9B9 /* MockWeatherService.swift in Sources */,
				71E8B93D1E15A99D00385A0B /* MeasurementFormatter.swift in Sources */,
				71E8B9481E16D8AB00385A0B /* UIImage.swift in Sources */,
				71E8B9341E15A97700385A0B /* Model.swift in Sources */,
				71E8B9371E15A97D00385A0B /* WeatherCondition.swift in Sources */,
			);
			runOnlyForDeploymentPostprocessing = 0;
		};
/* End PBXSourcesBuildPhase section */

/* Begin PBXTargetDependency section */
		71E8B9281E15A47500385A0B /* PBXTargetDependency */ = {
			isa = PBXTargetDependency;
			target = 71E8B91C1E15A47500385A0B /* VainWidget */;
			targetProxy = 71E8B9271E15A47500385A0B /* PBXContainerItemProxy */;
		};
/* End PBXTargetDependency section */

/* Begin PBXVariantGroup section */
		717C58DF1DFD9C8D003F2835 /* LaunchScreen.storyboard */ = {
			isa = PBXVariantGroup;
			children = (
				717C58E01DFD9C8D003F2835 /* Base */,
			);
			name = LaunchScreen.storyboard;
			sourceTree = "<group>";
		};
/* End PBXVariantGroup section */

/* Begin XCBuildConfiguration section */
		717C58E31DFD9C8D003F2835 /* Debug */ = {
			isa = XCBuildConfiguration;
			buildSettings = {
				ALWAYS_SEARCH_USER_PATHS = NO;
				CLANG_ANALYZER_NONNULL = YES;
				CLANG_CXX_LANGUAGE_STANDARD = "gnu++0x";
				CLANG_CXX_LIBRARY = "libc++";
				CLANG_ENABLE_MODULES = YES;
				CLANG_ENABLE_OBJC_ARC = YES;
				CLANG_WARN_BOOL_CONVERSION = YES;
				CLANG_WARN_CONSTANT_CONVERSION = YES;
				CLANG_WARN_DIRECT_OBJC_ISA_USAGE = YES_ERROR;
				CLANG_WARN_DOCUMENTATION_COMMENTS = YES;
				CLANG_WARN_EMPTY_BODY = YES;
				CLANG_WARN_ENUM_CONVERSION = YES;
				CLANG_WARN_INFINITE_RECURSION = YES;
				CLANG_WARN_INT_CONVERSION = YES;
				CLANG_WARN_OBJC_ROOT_CLASS = YES_ERROR;
				CLANG_WARN_SUSPICIOUS_MOVE = YES;
				CLANG_WARN_SUSPICIOUS_MOVES = YES;
				CLANG_WARN_UNREACHABLE_CODE = YES;
				CLANG_WARN__DUPLICATE_METHOD_MATCH = YES;
				"CODE_SIGN_IDENTITY[sdk=iphoneos*]" = "iPhone Developer";
				COPY_PHASE_STRIP = NO;
				DEBUG_INFORMATION_FORMAT = dwarf;
				ENABLE_STRICT_OBJC_MSGSEND = YES;
				ENABLE_TESTABILITY = YES;
				GCC_C_LANGUAGE_STANDARD = gnu99;
				GCC_DYNAMIC_NO_PIC = NO;
				GCC_NO_COMMON_BLOCKS = YES;
				GCC_OPTIMIZATION_LEVEL = 0;
				GCC_PREPROCESSOR_DEFINITIONS = (
					"DEBUG=1",
					"$(inherited)",
				);
				GCC_WARN_64_TO_32_BIT_CONVERSION = YES;
				GCC_WARN_ABOUT_RETURN_TYPE = YES_ERROR;
				GCC_WARN_UNDECLARED_SELECTOR = YES;
				GCC_WARN_UNINITIALIZED_AUTOS = YES_AGGRESSIVE;
				GCC_WARN_UNUSED_FUNCTION = YES;
				GCC_WARN_UNUSED_VARIABLE = YES;
				IPHONEOS_DEPLOYMENT_TARGET = 10.1;
				MTL_ENABLE_DEBUG_INFO = YES;
				ONLY_ACTIVE_ARCH = YES;
				SDKROOT = iphoneos;
				SWIFT_ACTIVE_COMPILATION_CONDITIONS = DEBUG;
				SWIFT_OPTIMIZATION_LEVEL = "-Onone";
			};
			name = Debug;
		};
		717C58E41DFD9C8D003F2835 /* Release */ = {
			isa = XCBuildConfiguration;
			buildSettings = {
				ALWAYS_SEARCH_USER_PATHS = NO;
				CLANG_ANALYZER_NONNULL = YES;
				CLANG_CXX_LANGUAGE_STANDARD = "gnu++0x";
				CLANG_CXX_LIBRARY = "libc++";
				CLANG_ENABLE_MODULES = YES;
				CLANG_ENABLE_OBJC_ARC = YES;
				CLANG_WARN_BOOL_CONVERSION = YES;
				CLANG_WARN_CONSTANT_CONVERSION = YES;
				CLANG_WARN_DIRECT_OBJC_ISA_USAGE = YES_ERROR;
				CLANG_WARN_DOCUMENTATION_COMMENTS = YES;
				CLANG_WARN_EMPTY_BODY = YES;
				CLANG_WARN_ENUM_CONVERSION = YES;
				CLANG_WARN_INFINITE_RECURSION = YES;
				CLANG_WARN_INT_CONVERSION = YES;
				CLANG_WARN_OBJC_ROOT_CLASS = YES_ERROR;
				CLANG_WARN_SUSPICIOUS_MOVE = YES;
				CLANG_WARN_SUSPICIOUS_MOVES = YES;
				CLANG_WARN_UNREACHABLE_CODE = YES;
				CLANG_WARN__DUPLICATE_METHOD_MATCH = YES;
				"CODE_SIGN_IDENTITY[sdk=iphoneos*]" = "iPhone Developer";
				COPY_PHASE_STRIP = NO;
				DEBUG_INFORMATION_FORMAT = "dwarf-with-dsym";
				ENABLE_NS_ASSERTIONS = NO;
				ENABLE_STRICT_OBJC_MSGSEND = YES;
				GCC_C_LANGUAGE_STANDARD = gnu99;
				GCC_NO_COMMON_BLOCKS = YES;
				GCC_WARN_64_TO_32_BIT_CONVERSION = YES;
				GCC_WARN_ABOUT_RETURN_TYPE = YES_ERROR;
				GCC_WARN_UNDECLARED_SELECTOR = YES;
				GCC_WARN_UNINITIALIZED_AUTOS = YES_AGGRESSIVE;
				GCC_WARN_UNUSED_FUNCTION = YES;
				GCC_WARN_UNUSED_VARIABLE = YES;
				IPHONEOS_DEPLOYMENT_TARGET = 10.1;
				MTL_ENABLE_DEBUG_INFO = NO;
				SDKROOT = iphoneos;
				SWIFT_OPTIMIZATION_LEVEL = "-Owholemodule";
				VALIDATE_PRODUCT = YES;
			};
			name = Release;
		};
		717C58E61DFD9C8D003F2835 /* Debug */ = {
			isa = XCBuildConfiguration;
			baseConfigurationReference = 9DCAE291C27C959613DD299B /* Pods-Vain.debug.xcconfig */;
			buildSettings = {
				ALWAYS_EMBED_SWIFT_STANDARD_LIBRARIES = YES;
				ASSETCATALOG_COMPILER_APPICON_NAME = AppIcon;
				DEVELOPMENT_TEAM = M3PW445462;
				INFOPLIST_FILE = Vain/Info.plist;
				LD_RUNPATH_SEARCH_PATHS = "$(inherited) @executable_path/Frameworks";
				PRODUCT_BUNDLE_IDENTIFIER = com.drulang.Vain;
				PRODUCT_NAME = "$(TARGET_NAME)";
				SWIFT_VERSION = 3.0;
			};
			name = Debug;
		};
		717C58E71DFD9C8D003F2835 /* Release */ = {
			isa = XCBuildConfiguration;
			baseConfigurationReference = 6BA36ACD62EFF68FC78D2DB2 /* Pods-Vain.release.xcconfig */;
			buildSettings = {
				ALWAYS_EMBED_SWIFT_STANDARD_LIBRARIES = YES;
				ASSETCATALOG_COMPILER_APPICON_NAME = AppIcon;
				DEVELOPMENT_TEAM = M3PW445462;
				INFOPLIST_FILE = Vain/Info.plist;
				LD_RUNPATH_SEARCH_PATHS = "$(inherited) @executable_path/Frameworks";
				PRODUCT_BUNDLE_IDENTIFIER = com.drulang.Vain;
				PRODUCT_NAME = "$(TARGET_NAME)";
				SWIFT_VERSION = 3.0;
			};
			name = Release;
		};
		71E8B90F1E14601100385A0B /* Debug */ = {
			isa = XCBuildConfiguration;
			buildSettings = {
				ALWAYS_EMBED_SWIFT_STANDARD_LIBRARIES = YES;
				ASSETCATALOG_COMPILER_APPICON_NAME = AppIcon;
				DEVELOPMENT_TEAM = M3PW445462;
				INFOPLIST_FILE = "$(SRCROOT)/Staging-Info.plist";
				LD_RUNPATH_SEARCH_PATHS = "$(inherited) @executable_path/Frameworks";
				PRODUCT_BUNDLE_IDENTIFIER = com.drulang.Vain;
				PRODUCT_NAME = "$(TARGET_NAME)";
				SWIFT_VERSION = 3.0;
			};
			name = Debug;
		};
		71E8B9101E14601100385A0B /* Release */ = {
			isa = XCBuildConfiguration;
			buildSettings = {
				ALWAYS_EMBED_SWIFT_STANDARD_LIBRARIES = YES;
				ASSETCATALOG_COMPILER_APPICON_NAME = AppIcon;
				DEVELOPMENT_TEAM = M3PW445462;
				INFOPLIST_FILE = "$(SRCROOT)/Staging-Info.plist";
				LD_RUNPATH_SEARCH_PATHS = "$(inherited) @executable_path/Frameworks";
				PRODUCT_BUNDLE_IDENTIFIER = com.drulang.Vain;
				PRODUCT_NAME = "$(TARGET_NAME)";
				SWIFT_VERSION = 3.0;
			};
			name = Release;
		};
		71E8B92B1E15A47500385A0B /* Debug */ = {
			isa = XCBuildConfiguration;
			baseConfigurationReference = FA5CE5FF71E0DED07DCB51B7 /* Pods-VainWidget.debug.xcconfig */;
			buildSettings = {
				DEVELOPMENT_TEAM = M3PW445462;
				INFOPLIST_FILE = VainWidget/Info.plist;
				IPHONEOS_DEPLOYMENT_TARGET = 10.1;
				LD_RUNPATH_SEARCH_PATHS = "$(inherited) @executable_path/Frameworks @executable_path/../../Frameworks";
				PRODUCT_BUNDLE_IDENTIFIER = com.drulang.Vain.VainWidget;
				PRODUCT_NAME = "$(TARGET_NAME)";
				SKIP_INSTALL = YES;
				SWIFT_VERSION = 3.0;
			};
			name = Debug;
		};
		71E8B92C1E15A47500385A0B /* Release */ = {
			isa = XCBuildConfiguration;
			baseConfigurationReference = 0D3309F85E84AB75D470A0AE /* Pods-VainWidget.release.xcconfig */;
			buildSettings = {
				DEVELOPMENT_TEAM = M3PW445462;
				INFOPLIST_FILE = VainWidget/Info.plist;
				IPHONEOS_DEPLOYMENT_TARGET = 10.1;
				LD_RUNPATH_SEARCH_PATHS = "$(inherited) @executable_path/Frameworks @executable_path/../../Frameworks";
				PRODUCT_BUNDLE_IDENTIFIER = com.drulang.Vain.VainWidget;
				PRODUCT_NAME = "$(TARGET_NAME)";
				SKIP_INSTALL = YES;
				SWIFT_VERSION = 3.0;
			};
			name = Release;
		};
/* End XCBuildConfiguration section */

/* Begin XCConfigurationList section */
		717C58CE1DFD9C8C003F2835 /* Build configuration list for PBXProject "Vain" */ = {
			isa = XCConfigurationList;
			buildConfigurations = (
				717C58E31DFD9C8D003F2835 /* Debug */,
				717C58E41DFD9C8D003F2835 /* Release */,
			);
			defaultConfigurationIsVisible = 0;
			defaultConfigurationName = Release;
		};
		717C58E51DFD9C8D003F2835 /* Build configuration list for PBXNativeTarget "Vain" */ = {
			isa = XCConfigurationList;
			buildConfigurations = (
				717C58E61DFD9C8D003F2835 /* Debug */,
				717C58E71DFD9C8D003F2835 /* Release */,
			);
			defaultConfigurationIsVisible = 0;
			defaultConfigurationName = Release;
		};
		71E8B90E1E14601100385A0B /* Build configuration list for PBXNativeTarget "Vain Staging" */ = {
			isa = XCConfigurationList;
			buildConfigurations = (
				71E8B90F1E14601100385A0B /* Debug */,
				71E8B9101E14601100385A0B /* Release */,
			);
			defaultConfigurationIsVisible = 0;
			defaultConfigurationName = Release;
		};
		71E8B92A1E15A47500385A0B /* Build configuration list for PBXNativeTarget "VainWidget" */ = {
			isa = XCConfigurationList;
			buildConfigurations = (
				71E8B92B1E15A47500385A0B /* Debug */,
				71E8B92C1E15A47500385A0B /* Release */,
			);
			defaultConfigurationIsVisible = 0;
			defaultConfigurationName = Release;
		};
/* End XCConfigurationList section */
	};
	rootObject = 717C58CB1DFD9C8C003F2835 /* Project object */;
}
